// !$*UTF8*$!
{
	archiveVersion = 1;
	classes = {
	};
	objectVersion = 77;
	objects = {

/* Begin PBXBuildFile section */
		029D5D73550E8A4B083DB8E7 /* CameraTestApp.swift in Sources */ = {isa = PBXBuildFile; fileRef = FC49076B15E1EE3B46900F66 /* CameraTestApp.swift */; };
		0E0686F9EA963C1C30E5623F /* ContentView.swift in Sources */ = {isa = PBXBuildFile; fileRef = 63471613E35AA8CD614CF1F5 /* ContentView.swift */; };
		11577A532CBD58A91A81FB97 /* ImageFingerprint.swift in Sources */ = {isa = PBXBuildFile; fileRef = 943E60A76D450F87823A6706 /* ImageFingerprint.swift */; };
		3F19EADE6FAA2B22C398E256 /* CameraXTab.swift in Sources */ = {isa = PBXBuildFile; fileRef = 0BC0FF2874445930ADF24FE2 /* CameraXTab.swift */; };
		42E42DEB3B93C1AA43C7D60E /* Camera1Tab.swift in Sources */ = {isa = PBXBuildFile; fileRef = ED0488F9C840C3627F21E823 /* Camera1Tab.swift */; };
		72611E58BE22425217706036 /* IntentCaptureTab.swift in Sources */ = {isa = PBXBuildFile; fileRef = 574A847218F39189F15EAA16 /* IntentCaptureTab.swift */; };
		78935791B369FAC79FD96DDF /* OcrTab.swift in Sources */ = {isa = PBXBuildFile; fileRef = 619AF3BCBE03E5DE69B7D0C7 /* OcrTab.swift */; };
		87D533B22C36936269F0E1A4 /* QrScanTab.swift in Sources */ = {isa = PBXBuildFile; fileRef = D125CC995B4CF6DA7BC71F50 /* QrScanTab.swift */; };
		CDEDF563FD7AEF9BA6D03671 /* IdCaptureTab.swift in Sources */ = {isa = PBXBuildFile; fileRef = 5703FBE3F7CF5FA6E95ECCA0 /* IdCaptureTab.swift */; };
/* End PBXBuildFile section */

/* Begin PBXFileReference section */
		04777FCB607FCB684963BC08 /* CameraTestApp.app */ = {isa = PBXFileReference; includeInIndex = 0; lastKnownFileType = wrapper.application; path = CameraTestApp.app; sourceTree = BUILT_PRODUCTS_DIR; };
		0BC0FF2874445930ADF24FE2 /* CameraXTab.swift */ = {isa = PBXFileReference; lastKnownFileType = sourcecode.swift; path = CameraXTab.swift; sourceTree = "<group>"; };
		5703FBE3F7CF5FA6E95ECCA0 /* IdCaptureTab.swift */ = {isa = PBXFileReference; lastKnownFileType = sourcecode.swift; path = IdCaptureTab.swift; sourceTree = "<group>"; };
		574A847218F39189F15EAA16 /* IntentCaptureTab.swift */ = {isa = PBXFileReference; lastKnownFileType = sourcecode.swift; path = IntentCaptureTab.swift; sourceTree = "<group>"; };
		619AF3BCBE03E5DE69B7D0C7 /* OcrTab.swift */ = {isa = PBXFileReference; lastKnownFileType = sourcecode.swift; path = OcrTab.swift; sourceTree = "<group>"; };
		63471613E35AA8CD614CF1F5 /* ContentView.swift */ = {isa = PBXFileReference; lastKnownFileType = sourcecode.swift; path = ContentView.swift; sourceTree = "<group>"; };
		943E60A76D450F87823A6706 /* ImageFingerprint.swift */ = {isa = PBXFileReference; lastKnownFileType = sourcecode.swift; path = ImageFingerprint.swift; sourceTree = "<group>"; };
		D125CC995B4CF6DA7BC71F50 /* QrScanTab.swift */ = {isa = PBXFileReference; lastKnownFileType = sourcecode.swift; path = QrScanTab.swift; sourceTree = "<group>"; };
		ED0488F9C840C3627F21E823 /* Camera1Tab.swift */ = {isa = PBXFileReference; lastKnownFileType = sourcecode.swift; path = Camera1Tab.swift; sourceTree = "<group>"; };
		FC49076B15E1EE3B46900F66 /* CameraTestApp.swift */ = {isa = PBXFileReference; lastKnownFileType = sourcecode.swift; path = CameraTestApp.swift; sourceTree = "<group>"; };
/* End PBXFileReference section */

/* Begin PBXGroup section */
		4E435A89FD5B5A79E8F9CF36 = {
			isa = PBXGroup;
			children = (
				78EFABA7273FA4C65E7CCFCD /* CameraTestApp */,
				C9EBB61BE3C48F64DE3DCAB2 /* Products */,
			);
			sourceTree = "<group>";
		};
		78EFABA7273FA4C65E7CCFCD /* CameraTestApp */ = {
			isa = PBXGroup;
			children = (
				ED0488F9C840C3627F21E823 /* Camera1Tab.swift */,
				FC49076B15E1EE3B46900F66 /* CameraTestApp.swift */,
				0BC0FF2874445930ADF24FE2 /* CameraXTab.swift */,
				63471613E35AA8CD614CF1F5 /* ContentView.swift */,
				5703FBE3F7CF5FA6E95ECCA0 /* IdCaptureTab.swift */,
				943E60A76D450F87823A6706 /* ImageFingerprint.swift */,
				574A847218F39189F15EAA16 /* IntentCaptureTab.swift */,
				619AF3BCBE03E5DE69B7D0C7 /* OcrTab.swift */,
				D125CC995B4CF6DA7BC71F50 /* QrScanTab.swift */,
			);
			path = CameraTestApp;
			sourceTree = "<group>";
		};
		C9EBB61BE3C48F64DE3DCAB2 /* Products */ = {
			isa = PBXGroup;
			children = (
				04777FCB607FCB684963BC08 /* CameraTestApp.app */,
			);
			name = Products;
			sourceTree = "<group>";
		};
/* End PBXGroup section */

/* Begin PBXNativeTarget section */
		0D3409D07CD67D11DA8AF573 /* CameraTestApp */ = {
			isa = PBXNativeTarget;
			buildConfigurationList = 203475D11023489F8D2BDD4D /* Build configuration list for PBXNativeTarget "CameraTestApp" */;
			buildPhases = (
				0F2767273F95153D55B3FD0E /* Sources */,
			);
			buildRules = (
			);
			dependencies = (
			);
			name = CameraTestApp;
			packageProductDependencies = (
			);
			productName = CameraTestApp;
			productReference = 04777FCB607FCB684963BC08 /* CameraTestApp.app */;
			productType = "com.apple.product-type.application";
		};
/* End PBXNativeTarget section */

/* Begin PBXProject section */
		BBEC83EE8DCC0BA4F6F5C6A2 /* Project object */ = {
			isa = PBXProject;
			attributes = {
				BuildIndependentTargetsInParallel = YES;
				LastUpgradeCheck = 1430;
				TargetAttributes = {
				};
			};
			buildConfigurationList = FE95880F066B71CBA4F789C3 /* Build configuration list for PBXProject "CameraTestApp" */;
			developmentRegion = en;
			hasScannedForEncodings = 0;
			knownRegions = (
				Base,
				en,
			);
			mainGroup = 4E435A89FD5B5A79E8F9CF36;
			minimizedProjectReferenceProxies = 1;
			preferredProjectObjectVersion = 77;
			productRefGroup = C9EBB61BE3C48F64DE3DCAB2 /* Products */;
			projectDirPath = "";
			projectRoot = "";
			targets = (
				0D3409D07CD67D11DA8AF573 /* CameraTestApp */,
			);
		};
/* End PBXProject section */

/* Begin PBXSourcesBuildPhase section */
		0F2767273F95153D55B3FD0E /* Sources */ = {
			isa = PBXSourcesBuildPhase;
			buildActionMask = 2147483647;
			files = (
				42E42DEB3B93C1AA43C7D60E /* Camera1Tab.swift in Sources */,
				029D5D73550E8A4B083DB8E7 /* CameraTestApp.swift in Sources */,
				3F19EADE6FAA2B22C398E256 /* CameraXTab.swift in Sources */,
				0E0686F9EA963C1C30E5623F /* ContentView.swift in Sources */,
				CDEDF563FD7AEF9BA6D03671 /* IdCaptureTab.swift in Sources */,
				11577A532CBD58A91A81FB97 /* ImageFingerprint.swift in Sources */,
				72611E58BE22425217706036 /* IntentCaptureTab.swift in Sources */,
				78935791B369FAC79FD96DDF /* OcrTab.swift in Sources */,
				87D533B22C36936269F0E1A4 /* QrScanTab.swift in Sources */,
			);
			runOnlyForDeploymentPostprocessing = 0;
		};
/* End PBXSourcesBuildPhase section */

/* Begin XCBuildConfiguration section */
		298D811A1EFE0AF10CCC91F0 /* Release */ = {
			isa = XCBuildConfiguration;
			buildSettings = {
				ALWAYS_SEARCH_USER_PATHS = NO;
				CLANG_ANALYZER_NONNULL = YES;
				CLANG_ANALYZER_NUMBER_OBJECT_CONVERSION = YES_AGGRESSIVE;
				CLANG_CXX_LANGUAGE_STANDARD = "gnu++14";
				CLANG_CXX_LIBRARY = "libc++";
				CLANG_ENABLE_MODULES = YES;
				CLANG_ENABLE_OBJC_ARC = YES;
				CLANG_ENABLE_OBJC_WEAK = YES;
				CLANG_WARN_BLOCK_CAPTURE_AUTORELEASING = YES;
				CLANG_WARN_BOOL_CONVERSION = YES;
				CLANG_WARN_COMMA = YES;
				CLANG_WARN_CONSTANT_CONVERSION = YES;
				CLANG_WARN_DEPRECATED_OBJC_IMPLEMENTATIONS = YES;
				CLANG_WARN_DIRECT_OBJC_ISA_USAGE = YES_ERROR;
				CLANG_WARN_DOCUMENTATION_COMMENTS = YES;
				CLANG_WARN_EMPTY_BODY = YES;
				CLANG_WARN_ENUM_CONVERSION = YES;
				CLANG_WARN_INFINITE_RECURSION = YES;
				CLANG_WARN_INT_CONVERSION = YES;
				CLANG_WARN_NON_LITERAL_NULL_CONVERSION = YES;
				CLANG_WARN_OBJC_IMPLICIT_RETAIN_SELF = YES;
				CLANG_WARN_OBJC_LITERAL_CONVERSION = YES;
				CLANG_WARN_OBJC_ROOT_CLASS = YES_ERROR;
				CLANG_WARN_QUOTED_INCLUDE_IN_FRAMEWORK_HEADER = YES;
				CLANG_WARN_RANGE_LOOP_ANALYSIS = YES;
				CLANG_WARN_STRICT_PROTOTYPES = YES;
				CLANG_WARN_SUSPICIOUS_MOVE = YES;
				CLANG_WARN_UNGUARDED_AVAILABILITY = YES_AGGRESSIVE;
				CLANG_WARN_UNREACHABLE_CODE = YES;
				CLANG_WARN__DUPLICATE_METHOD_MATCH = YES;
				COPY_PHASE_STRIP = NO;
				DEBUG_INFORMATION_FORMAT = "dwarf-with-dsym";
				ENABLE_NS_ASSERTIONS = NO;
				ENABLE_STRICT_OBJC_MSGSEND = YES;
				GCC_C_LANGUAGE_STANDARD = gnu11;
				GCC_NO_COMMON_BLOCKS = YES;
				GCC_WARN_64_TO_32_BIT_CONVERSION = YES;
				GCC_WARN_ABOUT_RETURN_TYPE = YES_ERROR;
				GCC_WARN_UNDECLARED_SELECTOR = YES;
				GCC_WARN_UNINITIALIZED_AUTOS = YES_AGGRESSIVE;
				GCC_WARN_UNUSED_FUNCTION = YES;
				GCC_WARN_UNUSED_VARIABLE = YES;
				IPHONEOS_DEPLOYMENT_TARGET = 17.0;
				MTL_ENABLE_DEBUG_INFO = NO;
				MTL_FAST_MATH = YES;
				PRODUCT_NAME = "$(TARGET_NAME)";
				SDKROOT = iphoneos;
				SWIFT_COMPILATION_MODE = wholemodule;
				SWIFT_OPTIMIZATION_LEVEL = "-O";
				SWIFT_VERSION = 5.0;
			};
			name = Release;
		};
		66AF8CBF53EA4E8268E6BDC2 /* Debug */ = {
			isa = XCBuildConfiguration;
			buildSettings = {
				ASSETCATALOG_COMPILER_APPICON_NAME = AppIcon;
				CODE_SIGN_IDENTITY = "iPhone Developer";
				GENERATE_INFOPLIST_FILE = YES;
				INFOPLIST_KEY_NSCameraUsageDescription = "Necesitamos la camara para tomar fotos";
				LD_RUNPATH_SEARCH_PATHS = (
					"$(inherited)",
					"@executable_path/Frameworks",
				);
				PRODUCT_BUNDLE_IDENTIFIER = dev.autopilot.test.CameraTestApp;
				SDKROOT = iphoneos;
				SWIFT_VERSION = 5.9;
				TARGETED_DEVICE_FAMILY = "1,2";
			};
			name = Debug;
		};
		997DA3593F8B5B6275731D12 /* Debug */ = {
			isa = XCBuildConfiguration;
			buildSettings = {
				ALWAYS_SEARCH_USER_PATHS = NO;
				CLANG_ANALYZER_NONNULL = YES;
				CLANG_ANALYZER_NUMBER_OBJECT_CONVERSION = YES_AGGRESSIVE;
				CLANG_CXX_LANGUAGE_STANDARD = "gnu++14";
				CLANG_CXX_LIBRARY = "libc++";
				CLANG_ENABLE_MODULES = YES;
				CLANG_ENABLE_OBJC_ARC = YES;
				CLANG_ENABLE_OBJC_WEAK = YES;
				CLANG_WARN_BLOCK_CAPTURE_AUTORELEASING = YES;
				CLANG_WARN_BOOL_CONVERSION = YES;
				CLANG_WARN_COMMA = YES;
				CLANG_WARN_CONSTANT_CONVERSION = YES;
				CLANG_WARN_DEPRECATED_OBJC_IMPLEMENTATIONS = YES;
				CLANG_WARN_DIRECT_OBJC_ISA_USAGE = YES_ERROR;
				CLANG_WARN_DOCUMENTATION_COMMENTS = YES;
				CLANG_WARN_EMPTY_BODY = YES;
				CLANG_WARN_ENUM_CONVERSION = YES;
				CLANG_WARN_INFINITE_RECURSION = YES;
				CLANG_WARN_INT_CONVERSION = YES;
				CLANG_WARN_NON_LITERAL_NULL_CONVERSION = YES;
				CLANG_WARN_OBJC_IMPLICIT_RETAIN_SELF = YES;
				CLANG_WARN_OBJC_LITERAL_CONVERSION = YES;
				CLANG_WARN_OBJC_ROOT_CLASS = YES_ERROR;
				CLANG_WARN_QUOTED_INCLUDE_IN_FRAMEWORK_HEADER = YES;
				CLANG_WARN_RANGE_LOOP_ANALYSIS = YES;
				CLANG_WARN_STRICT_PROTOTYPES = YES;
				CLANG_WARN_SUSPICIOUS_MOVE = YES;
				CLANG_WARN_UNGUARDED_AVAILABILITY = YES_AGGRESSIVE;
				CLANG_WARN_UNREACHABLE_CODE = YES;
				CLANG_WARN__DUPLICATE_METHOD_MATCH = YES;
				COPY_PHASE_STRIP = NO;
				DEBUG_INFORMATION_FORMAT = dwarf;
				ENABLE_STRICT_OBJC_MSGSEND = YES;
				ENABLE_TESTABILITY = YES;
				GCC_C_LANGUAGE_STANDARD = gnu11;
				GCC_DYNAMIC_NO_PIC = NO;
				GCC_NO_COMMON_BLOCKS = YES;
				GCC_OPTIMIZATION_LEVEL = 0;
				GCC_PREPROCESSOR_DEFINITIONS = (
					"$(inherited)",
					"DEBUG=1",
				);
				GCC_WARN_64_TO_32_BIT_CONVERSION = YES;
				GCC_WARN_ABOUT_RETURN_TYPE = YES_ERROR;
				GCC_WARN_UNDECLARED_SELECTOR = YES;
				GCC_WARN_UNINITIALIZED_AUTOS = YES_AGGRESSIVE;
				GCC_WARN_UNUSED_FUNCTION = YES;
				GCC_WARN_UNUSED_VARIABLE = YES;
				IPHONEOS_DEPLOYMENT_TARGET = 17.0;
				MTL_ENABLE_DEBUG_INFO = INCLUDE_SOURCE;
				MTL_FAST_MATH = YES;
				ONLY_ACTIVE_ARCH = YES;
				PRODUCT_NAME = "$(TARGET_NAME)";
				SDKROOT = iphoneos;
				SWIFT_ACTIVE_COMPILATION_CONDITIONS = DEBUG;
				SWIFT_OPTIMIZATION_LEVEL = "-Onone";
				SWIFT_VERSION = 5.0;
			};
			name = Debug;
		};
		B3BBD2BF32A80CD5BFBBD609 /* Release */ = {
			isa = XCBuildConfiguration;
			buildSettings = {
				ASSETCATALOG_COMPILER_APPICON_NAME = AppIcon;
				CODE_SIGN_IDENTITY = "iPhone Developer";
				GENERATE_INFOPLIST_FILE = YES;
				INFOPLIST_KEY_NSCameraUsageDescription = "Necesitamos la camara para tomar fotos";
				LD_RUNPATH_SEARCH_PATHS = (
					"$(inherited)",
					"@executable_path/Frameworks",
				);
				PRODUCT_BUNDLE_IDENTIFIER = dev.autopilot.test.CameraTestApp;
				SDKROOT = iphoneos;
				SWIFT_VERSION = 5.9;
				TARGETED_DEVICE_FAMILY = "1,2";
			};
			name = Release;
		};
/* End XCBuildConfiguration section */

/* Begin XCConfigurationList section */
		203475D11023489F8D2BDD4D /* Build configuration list for PBXNativeTarget "CameraTestApp" */ = {
			isa = XCConfigurationList;
			buildConfigurations = (
				66AF8CBF53EA4E8268E6BDC2 /* Debug */,
				B3BBD2BF32A80CD5BFBBD609 /* Release */,
			);
			defaultConfigurationIsVisible = 0;
			defaultConfigurationName = Debug;
		};
		FE95880F066B71CBA4F789C3 /* Build configuration list for PBXProject "CameraTestApp" */ = {
			isa = XCConfigurationList;
			buildConfigurations = (
				997DA3593F8B5B6275731D12 /* Debug */,
				298D811A1EFE0AF10CCC91F0 /* Release */,
			);
			defaultConfigurationIsVisible = 0;
			defaultConfigurationName = Debug;
		};
/* End XCConfigurationList section */
	};
	rootObject = BBEC83EE8DCC0BA4F6F5C6A2 /* Project object */;
}
